{
  "requires": true,
  "lockfileVersion": 1,
  "dependencies": {
    "currency.js": {
      "version": "1.2.1",
      "resolved": "https://registry.npmjs.org/currency.js/-/currency.js-1.2.1.tgz",
      "integrity": "sha512-7t0jYDZeQYCcaxpgwNOiBz8GaG/qdqTdo+kcTYgCuCNx1p2jLMpJt8h34TJ5INtN9jhryAiLK/atmjwUf13t4A=="
    }
  }
}
